
Microsoft Visual Studio Solution File, Format Version 12.00
# Visual Studio Version 17
VisualStudioVersion = 17.13.35931.197
MinimumVisualStudioVersion = 10.0.40219.1
Project("{FAE04EC0-301F-11D3-BF4B-00C04F79EFBC}") = "Microservice", "Microservice\Microservice.csproj", "{BEEAC64D-92A3-4E80-A835-704DE021E432}"
EndProject
Project("{FAE04EC0-301F-11D3-BF4B-00C04F79EFBC}") = "AuthenticationApi", "AuthenticationApi\AuthenticationApi.csproj", "{6FE87F39-5124-4CDF-A82B-C638B52002DA}"
EndProject
Project("{FAE04EC0-301F-11D3-BF4B-00C04F79EFBC}") = "GatewayApi", "GatewayApi\GatewayApi.csproj", "{1FA21452-AA36-47C9-AB84-22A108CCCE9C}"
EndProject
Global
	GlobalSection(SolutionConfigurationPlatforms) = preSolution
		Debug|Any CPU = Debug|Any CPU
		Release|Any CPU = Release|Any CPU
	EndGlobalSection
	GlobalSection(ProjectConfigurationPlatforms) = postSolution
		{BEEAC64D-92A3-4E80-A835-704DE021E432}.Debug|Any CPU.ActiveCfg = Debug|Any CPU
		{BEEAC64D-92A3-4E80-A835-704DE021E432}.Debug|Any CPU.Build.0 = Debug|Any CPU
		{BEEAC64D-92A3-4E80-A835-704DE021E432}.Release|Any CPU.ActiveCfg = Release|Any CPU
		{BEEAC64D-92A3-4E80-A835-704DE021E432}.Release|Any CPU.Build.0 = Release|Any CPU
		{6FE87F39-5124-4CDF-A82B-C638B52002DA}.Debug|Any CPU.ActiveCfg = Debug|Any CPU
		{6FE87F39-5124-4CDF-A82B-C638B52002DA}.Debug|Any CPU.Build.0 = Debug|Any CPU
		{6FE87F39-5124-4CDF-A82B-C638B52002DA}.Release|Any CPU.ActiveCfg = Release|Any CPU
		{6FE87F39-5124-4CDF-A82B-C638B52002DA}.Release|Any CPU.Build.0 = Release|Any CPU
		{1FA21452-AA36-47C9-AB84-22A108CCCE9C}.Debug|Any CPU.ActiveCfg = Debug|Any CPU
		{1FA21452-AA36-47C9-AB84-22A108CCCE9C}.Debug|Any CPU.Build.0 = Debug|Any CPU
		{1FA21452-AA36-47C9-AB84-22A108CCCE9C}.Release|Any CPU.ActiveCfg = Release|Any CPU
		{1FA21452-AA36-47C9-AB84-22A108CCCE9C}.Release|Any CPU.Build.0 = Release|Any CPU
	EndGlobalSection
	GlobalSection(SolutionProperties) = preSolution
		HideSolutionNode = FALSE
	EndGlobalSection
	GlobalSection(ExtensibilityGlobals) = postSolution
		SolutionGuid = {5637BA78-C26E-444A-B5C8-82E95ED8626C}
	EndGlobalSection
EndGlobal
